
Microsoft Visual Studio Solution File, Format Version 12.00
# Visual Studio 15
VisualStudioVersion = 15.0.28307.572
MinimumVisualStudioVersion = 10.0.40219.1
Project("{9A19103F-16F7-4668-BE54-9A1E7A4F7556}") = "Training1", "Training1\Training1.csproj", "{BF9875B6-A155-4240-9878-6CE8C875A452}"
EndProject
Project("{9A19103F-16F7-4668-BE54-9A1E7A4F7556}") = "Training2", "Training2\Training2.csproj", "{5992F1B7-8637-498A-A43B-17A9A22BEFE0}"
EndProject
Project("{FAE04EC0-301F-11D3-BF4B-00C04F79EFBC}") = "Training3", "Training3\Training3.csproj", "{100A0100-1ABB-4806-958F-BF118CC63C0D}"
EndProject
Global
	GlobalSection(SolutionConfigurationPlatforms) = preSolution
		Debug|Any CPU = Debug|Any CPU
		Release|Any CPU = Release|Any CPU
	EndGlobalSection
	GlobalSection(ProjectConfigurationPlatforms) = postSolution
		{BF9875B6-A155-4240-9878-6CE8C875A452}.Debug|Any CPU.ActiveCfg = Debug|Any CPU
		{BF9875B6-A155-4240-9878-6CE8C875A452}.Debug|Any CPU.Build.0 = Debug|Any CPU
		{BF9875B6-A155-4240-9878-6CE8C875A452}.Release|Any CPU.ActiveCfg = Release|Any CPU
		{BF9875B6-A155-4240-9878-6CE8C875A452}.Release|Any CPU.Build.0 = Release|Any CPU
		{5992F1B7-8637-498A-A43B-17A9A22BEFE0}.Debug|Any CPU.ActiveCfg = Debug|Any CPU
		{5992F1B7-8637-498A-A43B-17A9A22BEFE0}.Debug|Any CPU.Build.0 = Debug|Any CPU
		{5992F1B7-8637-498A-A43B-17A9A22BEFE0}.Release|Any CPU.ActiveCfg = Release|Any CPU
		{5992F1B7-8637-498A-A43B-17A9A22BEFE0}.Release|Any CPU.Build.0 = Release|Any CPU
		{100A0100-1ABB-4806-958F-BF118CC63C0D}.Debug|Any CPU.ActiveCfg = Debug|Any CPU
		{100A0100-1ABB-4806-958F-BF118CC63C0D}.Debug|Any CPU.Build.0 = Debug|Any CPU
		{100A0100-1ABB-4806-958F-BF118CC63C0D}.Release|Any CPU.ActiveCfg = Release|Any CPU
		{100A0100-1ABB-4806-958F-BF118CC63C0D}.Release|Any CPU.Build.0 = Release|Any CPU
	EndGlobalSection
	GlobalSection(SolutionProperties) = preSolution
		HideSolutionNode = FALSE
	EndGlobalSection
	GlobalSection(ExtensibilityGlobals) = postSolution
		SolutionGuid = {7E174382-0106-43CF-A8A8-16FB6CAEC63A}
	EndGlobalSection
EndGlobal
